
Microsoft Visual Studio Solution File, Format Version 12.00
# Visual Studio Version 16
VisualStudioVersion = 16.0.28922.388
MinimumVisualStudioVersion = 10.0.40219.1
Project("{FAE04EC0-301F-11D3-BF4B-00C04F79EFBC}") = "HIS", "HIS.csproj", "{077C8DD4-16E8-445E-B8DC-72E420756859}"
EndProject
Global
	GlobalSection(SolutionConfigurationPlatforms) = preSolution
		Debug|Any CPU = Debug|Any CPU
		Release|Any CPU = Release|Any CPU
	EndGlobalSection
	GlobalSection(ProjectConfigurationPlatforms) = postSolution
		{077C8DD4-16E8-445E-B8DC-72E420756859}.Debug|Any CPU.ActiveCfg = Debug|Any CPU
		{077C8DD4-16E8-445E-B8DC-72E420756859}.Debug|Any CPU.Build.0 = Debug|Any CPU
		{077C8DD4-16E8-445E-B8DC-72E420756859}.Release|Any CPU.ActiveCfg = Release|Any CPU
		{077C8DD4-16E8-445E-B8DC-72E420756859}.Release|Any CPU.Build.0 = Release|Any CPU
	EndGlobalSection
	GlobalSection(SolutionProperties) = preSolution
		HideSolutionNode = FALSE
	EndGlobalSection
	GlobalSection(ExtensibilityGlobals) = postSolution
		SolutionGuid = {3F0196D9-F4EF-448C-A9CA-E95867C4D953}
	EndGlobalSection
EndGlobal
